
Microsoft Visual Studio Solution File, Format Version 12.00
# Visual Studio Version 17
VisualStudioVersion = 17.3.32819.101
MinimumVisualStudioVersion = 10.0.40219.1
Project("{9A19103F-16F7-4668-BE54-9A1E7A4F7556}") = "Tangy.Web.Server", "Tangy.Web.Server\Tangy.Web.Server.csproj", "{61359058-A330-4132-AC12-B37D396CD683}"
EndProject
Project("{9A19103F-16F7-4668-BE54-9A1E7A4F7556}") = "Tangy.Web.Client", "Tangy.Web.Client\Tangy.Web.Client.csproj", "{213172F2-DFBD-4A5A-852D-6EBA03E34D5E}"
EndProject
Project("{FAE04EC0-301F-11D3-BF4B-00C04F79EFBC}") = "Tangy.Models", "Tangy.Models\Tangy.Models.csproj", "{6407B9D1-04D8-4046-8B9F-93FB8DE05F93}"
EndProject
Global
	GlobalSection(SolutionConfigurationPlatforms) = preSolution
		Debug|Any CPU = Debug|Any CPU
		Release|Any CPU = Release|Any CPU
	EndGlobalSection
	GlobalSection(ProjectConfigurationPlatforms) = postSolution
		{61359058-A330-4132-AC12-B37D396CD683}.Debug|Any CPU.ActiveCfg = Debug|Any CPU
		{61359058-A330-4132-AC12-B37D396CD683}.Debug|Any CPU.Build.0 = Debug|Any CPU
		{61359058-A330-4132-AC12-B37D396CD683}.Release|Any CPU.ActiveCfg = Release|Any CPU
		{61359058-A330-4132-AC12-B37D396CD683}.Release|Any CPU.Build.0 = Release|Any CPU
		{213172F2-DFBD-4A5A-852D-6EBA03E34D5E}.Debug|Any CPU.ActiveCfg = Debug|Any CPU
		{213172F2-DFBD-4A5A-852D-6EBA03E34D5E}.Debug|Any CPU.Build.0 = Debug|Any CPU
		{213172F2-DFBD-4A5A-852D-6EBA03E34D5E}.Release|Any CPU.ActiveCfg = Release|Any CPU
		{213172F2-DFBD-4A5A-852D-6EBA03E34D5E}.Release|Any CPU.Build.0 = Release|Any CPU
		{6407B9D1-04D8-4046-8B9F-93FB8DE05F93}.Debug|Any CPU.ActiveCfg = Debug|Any CPU
		{6407B9D1-04D8-4046-8B9F-93FB8DE05F93}.Debug|Any CPU.Build.0 = Debug|Any CPU
		{6407B9D1-04D8-4046-8B9F-93FB8DE05F93}.Release|Any CPU.ActiveCfg = Release|Any CPU
		{6407B9D1-04D8-4046-8B9F-93FB8DE05F93}.Release|Any CPU.Build.0 = Release|Any CPU
	EndGlobalSection
	GlobalSection(SolutionProperties) = preSolution
		HideSolutionNode = FALSE
	EndGlobalSection
	GlobalSection(ExtensibilityGlobals) = postSolution
		SolutionGuid = {1F50B359-3745-46EC-ABD5-FAAC3CA7F36D}
	EndGlobalSection
EndGlobal
